
Microsoft Visual Studio Solution File, Format Version 12.00
# Visual Studio 15
VisualStudioVersion = 15.0.28010.2026
MinimumVisualStudioVersion = 10.0.40219.1
Project("{FAE04EC0-301F-11D3-BF4B-00C04F79EFBC}") = "WinFormSnakeGame", "WinFormSnakeGame\WinFormSnakeGame.csproj", "{DBC45AB1-F810-4FC8-A13D-3DFE6F81154E}"
EndProject
Global
	GlobalSection(SolutionConfigurationPlatforms) = preSolution
		Debug|Any CPU = Debug|Any CPU
		Release|Any CPU = Release|Any CPU
	EndGlobalSection
	GlobalSection(ProjectConfigurationPlatforms) = postSolution
		{DBC45AB1-F810-4FC8-A13D-3DFE6F81154E}.Debug|Any CPU.ActiveCfg = Debug|Any CPU
		{DBC45AB1-F810-4FC8-A13D-3DFE6F81154E}.Debug|Any CPU.Build.0 = Debug|Any CPU
		{DBC45AB1-F810-4FC8-A13D-3DFE6F81154E}.Release|Any CPU.ActiveCfg = Release|Any CPU
		{DBC45AB1-F810-4FC8-A13D-3DFE6F81154E}.Release|Any CPU.Build.0 = Release|Any CPU
	EndGlobalSection
	GlobalSection(SolutionProperties) = preSolution
		HideSolutionNode = FALSE
	EndGlobalSection
	GlobalSection(ExtensibilityGlobals) = postSolution
		SolutionGuid = {D87165AA-DC5D-4ED1-A27A-F3BECF83F4AC}
	EndGlobalSection
EndGlobal
